
Microsoft Visual Studio Solution File, Format Version 11.00
# Visual Studio 2010
Project("{FAE04EC0-301F-11D3-BF4B-00C04F79EFBC}") = "Goliath", "Goliath\Goliath.csproj", "{6E79545D-5836-4FA4-982D-2132AACD9D3F}"
EndProject
Project("{FAE04EC0-301F-11D3-BF4B-00C04F79EFBC}") = "Goliath.Tests", "..\..\..\..\data\juan\proyectos\goliath\Goliath.Tests\Goliath.Tests.csproj", "{D8A30233-2211-4B15-A082-F824ACCC832C}"
EndProject
Project("{FAE04EC0-301F-11D3-BF4B-00C04F79EFBC}") = "Goliath.Plugin.Demo", "..\..\..\..\data\juan\proyectos\goliath\Goliath.Plugin.Demo\Goliath.Plugin.Demo.csproj", "{F12FF90D-C472-44B0-B834-505C8D586301}"
EndProject
Project("{FAE04EC0-301F-11D3-BF4B-00C04F79EFBC}") = "Goliath.Plugin.Zonaprop", "..\..\..\..\data\juan\proyectos\goliath\Goliath.Plugin.Zonaprop\Goliath.Plugin.Zonaprop.csproj", "{5CF944D1-92CD-43CA-B609-8BE8ED916C1B}"
EndProject
Global
	GlobalSection(SolutionConfigurationPlatforms) = preSolution
		Debug|Any CPU = Debug|Any CPU
		Release|Any CPU = Release|Any CPU
	EndGlobalSection
	GlobalSection(ProjectConfigurationPlatforms) = postSolution
		{5CF944D1-92CD-43CA-B609-8BE8ED916C1B}.Debug|Any CPU.ActiveCfg = Debug|Any CPU
		{5CF944D1-92CD-43CA-B609-8BE8ED916C1B}.Debug|Any CPU.Build.0 = Debug|Any CPU
		{5CF944D1-92CD-43CA-B609-8BE8ED916C1B}.Release|Any CPU.ActiveCfg = Release|Any CPU
		{5CF944D1-92CD-43CA-B609-8BE8ED916C1B}.Release|Any CPU.Build.0 = Release|Any CPU
		{6E79545D-5836-4FA4-982D-2132AACD9D3F}.Debug|Any CPU.ActiveCfg = Debug|Any CPU
		{6E79545D-5836-4FA4-982D-2132AACD9D3F}.Debug|Any CPU.Build.0 = Debug|Any CPU
		{6E79545D-5836-4FA4-982D-2132AACD9D3F}.Release|Any CPU.ActiveCfg = Release|Any CPU
		{6E79545D-5836-4FA4-982D-2132AACD9D3F}.Release|Any CPU.Build.0 = Release|Any CPU
		{D8A30233-2211-4B15-A082-F824ACCC832C}.Debug|Any CPU.ActiveCfg = Debug|Any CPU
		{D8A30233-2211-4B15-A082-F824ACCC832C}.Debug|Any CPU.Build.0 = Debug|Any CPU
		{D8A30233-2211-4B15-A082-F824ACCC832C}.Release|Any CPU.ActiveCfg = Release|Any CPU
		{D8A30233-2211-4B15-A082-F824ACCC832C}.Release|Any CPU.Build.0 = Release|Any CPU
		{F12FF90D-C472-44B0-B834-505C8D586301}.Debug|Any CPU.ActiveCfg = Debug|Any CPU
		{F12FF90D-C472-44B0-B834-505C8D586301}.Debug|Any CPU.Build.0 = Debug|Any CPU
		{F12FF90D-C472-44B0-B834-505C8D586301}.Release|Any CPU.ActiveCfg = Release|Any CPU
		{F12FF90D-C472-44B0-B834-505C8D586301}.Release|Any CPU.Build.0 = Release|Any CPU
	EndGlobalSection
	GlobalSection(MonoDevelopProperties) = preSolution
		StartupItem = ..\..\..\..\data\juan\proyectos\goliath\Goliath.Tests\Goliath.Tests.csproj
	EndGlobalSection
EndGlobal
